<Solution>
  <Project Path="Binding/Binding.csproj" Id="3e917535-6091-499e-8b32-65d50b7e24db" />
  <Project Path="CustomTextboxControl/CustomTextboxControl.csproj" Id="5091b197-c93d-4444-9740-beee6b7bfc72" />
  <Project Path="Dialogs/Dialogs.csproj" Id="70d3d5bb-45b8-45d8-8931-eff7fffb2778" />
  <Project Path="Grid/Grid.csproj" Id="696c7828-1975-4f03-b8ea-3b7b98da21ce" />
  <Project Path="ListBox/ListBox.csproj" Id="f80a73c9-389c-4234-8fdb-75715b690c9e" />
  <Project Path="MenuBar/MenuBar.csproj" Id="362f264e-c47d-400e-896e-f977ba968d5c" />
  <Project Path="Notepad/Notepad.csproj" Id="e3be1c47-9e9e-4144-bb2b-228d6ff80606" />
  <Project Path="WPF/WPF.csproj" Id="26e80276-496c-475e-93f3-4c18b2c08ef0" />
</Solution>
